
Microsoft Visual Studio Solution File, Format Version 12.00
# Visual Studio Version 16
VisualStudioVersion = 16.0.32901.82
MinimumVisualStudioVersion = 10.0.40219.1
Project("{FAE04EC0-301F-11D3-BF4B-00C04F79EFBC}") = "AirlineReservationCore", "AirlineReservationCore\AirlineReservationCore.csproj", "{60DE9AAD-C97B-485A-80F6-8155FD2F63EE}"
EndProject
Global
	GlobalSection(SolutionConfigurationPlatforms) = preSolution
		Debug|Any CPU = Debug|Any CPU
		Release|Any CPU = Release|Any CPU
	EndGlobalSection
	GlobalSection(ProjectConfigurationPlatforms) = postSolution
		{60DE9AAD-C97B-485A-80F6-8155FD2F63EE}.Debug|Any CPU.ActiveCfg = Debug|Any CPU
		{60DE9AAD-C97B-485A-80F6-8155FD2F63EE}.Debug|Any CPU.Build.0 = Debug|Any CPU
		{60DE9AAD-C97B-485A-80F6-8155FD2F63EE}.Release|Any CPU.ActiveCfg = Release|Any CPU
		{60DE9AAD-C97B-485A-80F6-8155FD2F63EE}.Release|Any CPU.Build.0 = Release|Any CPU
	EndGlobalSection
	GlobalSection(SolutionProperties) = preSolution
		HideSolutionNode = FALSE
	EndGlobalSection
	GlobalSection(ExtensibilityGlobals) = postSolution
		SolutionGuid = {68FEEF24-F230-4628-91C6-26EBF089D89A}
	EndGlobalSection
EndGlobal
